
Microsoft Visual Studio Solution File, Format Version 12.00
# Visual Studio Version 16
VisualStudioVersion = 16.0.28803.156
MinimumVisualStudioVersion = 10.0.40219.1
Project("{8BC9CEB8-8B4A-11D0-8D11-00A0C91BC942}") = "SqList", "SqList\SqList.vcxproj", "{3E14072C-2FE5-4D70-A23D-E8137EB24BB1}"
EndProject
Project("{8BC9CEB8-8B4A-11D0-8D11-00A0C91BC942}") = "LinkList", "LinkList\LinkList.vcxproj", "{A1BB994E-229B-4A54-833B-D7E3D346C6B2}"
EndProject
Project("{8BC9CEB8-8B4A-11D0-8D11-00A0C91BC942}") = "LinkListQuestion1", "LinkListQuestion1\LinkListQuestion1.vcxproj", "{3247F9A1-F297-4695-85BB-464207C98CB3}"
EndProject
Project("{8BC9CEB8-8B4A-11D0-8D11-00A0C91BC942}") = "荷兰国旗问题", "荷兰国旗问题\荷兰国旗问题.vcxproj", "{309A2F8C-201F-4CF3-B5D5-7DCF88898671}"
EndProject
Project("{8BC9CEB8-8B4A-11D0-8D11-00A0C91BC942}") = "DLinkList", "DLinkList\DLinkList.vcxproj", "{50FD10BF-BA59-4D80-8D56-C192D48F7B07}"
EndProject
Project("{8BC9CEB8-8B4A-11D0-8D11-00A0C91BC942}") = "循环单链表", "循环链表\循环链表.vcxproj", "{EDE2ED09-D284-4054-94C9-900797BC518A}"
EndProject
Project("{8BC9CEB8-8B4A-11D0-8D11-00A0C91BC942}") = "循环双链表", "循环双链表\循环双链表.vcxproj", "{27F4D460-51D6-4EDF-90EE-97E5F3B1F34D}"
EndProject
Project("{8BC9CEB8-8B4A-11D0-8D11-00A0C91BC942}") = "两个表的自然连接问题", "两个表的自然连接问题\两个表的自然连接问题.vcxproj", "{23A8BAD0-1F2A-46ED-9C2B-FFE6881F7C8D}"
EndProject
Project("{8BC9CEB8-8B4A-11D0-8D11-00A0C91BC942}") = "有序表", "有序表\有序表.vcxproj", "{75D97C37-208D-42CD-96E2-AF546EB20251}"
EndProject
Project("{8BC9CEB8-8B4A-11D0-8D11-00A0C91BC942}") = "两个有序表中位数问题", "两个有序表中位数问题\两个有序表中位数问题.vcxproj", "{300E9EDC-1452-4306-8D8F-3F59CF64EE6D}"
EndProject
Project("{8BC9CEB8-8B4A-11D0-8D11-00A0C91BC942}") = "顺序有序表去重问题", "顺序有序表去重问题\顺序有序表去重问题.vcxproj", "{4E1E90DF-4263-4F63-8515-7DB6698F6F98}"
EndProject
Project("{8BC9CEB8-8B4A-11D0-8D11-00A0C91BC942}") = "求有序表的公共元素", "求有序表的公共元素\求有序表的公共元素.vcxproj", "{DE5A763C-E125-47B6-82F0-F932B30D3F84}"
EndProject
Project("{8BC9CEB8-8B4A-11D0-8D11-00A0C91BC942}") = "SqStack", "SqStack\SqStack.vcxproj", "{E237A6FF-C1B7-4D99-AA4B-69A8E994F2C8}"
EndProject
Project("{8BC9CEB8-8B4A-11D0-8D11-00A0C91BC942}") = "汉诺塔", "汉诺塔\汉诺塔.vcxproj", "{1BE50AC3-AE16-49FF-829A-DFE9BA9AECBD}"
EndProject
Project("{8BC9CEB8-8B4A-11D0-8D11-00A0C91BC942}") = "LiStack", "LiStack\LiStack.vcxproj", "{086F00DD-A804-4F1F-9C15-9C67BC8A7256}"
EndProject
Global
	GlobalSection(SolutionConfigurationPlatforms) = preSolution
		Debug|x64 = Debug|x64
		Debug|x86 = Debug|x86
		Release|x64 = Release|x64
		Release|x86 = Release|x86
	EndGlobalSection
	GlobalSection(ProjectConfigurationPlatforms) = postSolution
		{3E14072C-2FE5-4D70-A23D-E8137EB24BB1}.Debug|x64.ActiveCfg = Debug|x64
		{3E14072C-2FE5-4D70-A23D-E8137EB24BB1}.Debug|x64.Build.0 = Debug|x64
		{3E14072C-2FE5-4D70-A23D-E8137EB24BB1}.Debug|x86.ActiveCfg = Debug|Win32
		{3E14072C-2FE5-4D70-A23D-E8137EB24BB1}.Debug|x86.Build.0 = Debug|Win32
		{3E14072C-2FE5-4D70-A23D-E8137EB24BB1}.Release|x64.ActiveCfg = Release|x64
		{3E14072C-2FE5-4D70-A23D-E8137EB24BB1}.Release|x64.Build.0 = Release|x64
		{3E14072C-2FE5-4D70-A23D-E8137EB24BB1}.Release|x86.ActiveCfg = Release|Win32
		{3E14072C-2FE5-4D70-A23D-E8137EB24BB1}.Release|x86.Build.0 = Release|Win32
		{A1BB994E-229B-4A54-833B-D7E3D346C6B2}.Debug|x64.ActiveCfg = Debug|x64
		{A1BB994E-229B-4A54-833B-D7E3D346C6B2}.Debug|x64.Build.0 = Debug|x64
		{A1BB994E-229B-4A54-833B-D7E3D346C6B2}.Debug|x86.ActiveCfg = Debug|Win32
		{A1BB994E-229B-4A54-833B-D7E3D346C6B2}.Debug|x86.Build.0 = Debug|Win32
		{A1BB994E-229B-4A54-833B-D7E3D346C6B2}.Release|x64.ActiveCfg = Release|x64
		{A1BB994E-229B-4A54-833B-D7E3D346C6B2}.Release|x64.Build.0 = Release|x64
		{A1BB994E-229B-4A54-833B-D7E3D346C6B2}.Release|x86.ActiveCfg = Release|Win32
		{A1BB994E-229B-4A54-833B-D7E3D346C6B2}.Release|x86.Build.0 = Release|Win32
		{3247F9A1-F297-4695-85BB-464207C98CB3}.Debug|x64.ActiveCfg = Debug|x64
		{3247F9A1-F297-4695-85BB-464207C98CB3}.Debug|x64.Build.0 = Debug|x64
		{3247F9A1-F297-4695-85BB-464207C98CB3}.Debug|x86.ActiveCfg = Debug|Win32
		{3247F9A1-F297-4695-85BB-464207C98CB3}.Debug|x86.Build.0 = Debug|Win32
		{3247F9A1-F297-4695-85BB-464207C98CB3}.Release|x64.ActiveCfg = Release|x64
		{3247F9A1-F297-4695-85BB-464207C98CB3}.Release|x64.Build.0 = Release|x64
		{3247F9A1-F297-4695-85BB-464207C98CB3}.Release|x86.ActiveCfg = Release|Win32
		{3247F9A1-F297-4695-85BB-464207C98CB3}.Release|x86.Build.0 = Release|Win32
		{309A2F8C-201F-4CF3-B5D5-7DCF88898671}.Debug|x64.ActiveCfg = Debug|x64
		{309A2F8C-201F-4CF3-B5D5-7DCF88898671}.Debug|x64.Build.0 = Debug|x64
		{309A2F8C-201F-4CF3-B5D5-7DCF88898671}.Debug|x86.ActiveCfg = Debug|Win32
		{309A2F8C-201F-4CF3-B5D5-7DCF88898671}.Debug|x86.Build.0 = Debug|Win32
		{309A2F8C-201F-4CF3-B5D5-7DCF88898671}.Release|x64.ActiveCfg = Release|x64
		{309A2F8C-201F-4CF3-B5D5-7DCF88898671}.Release|x64.Build.0 = Release|x64
		{309A2F8C-201F-4CF3-B5D5-7DCF88898671}.Release|x86.ActiveCfg = Release|Win32
		{309A2F8C-201F-4CF3-B5D5-7DCF88898671}.Release|x86.Build.0 = Release|Win32
		{50FD10BF-BA59-4D80-8D56-C192D48F7B07}.Debug|x64.ActiveCfg = Debug|x64
		{50FD10BF-BA59-4D80-8D56-C192D48F7B07}.Debug|x64.Build.0 = Debug|x64
		{50FD10BF-BA59-4D80-8D56-C192D48F7B07}.Debug|x86.ActiveCfg = Debug|Win32
		{50FD10BF-BA59-4D80-8D56-C192D48F7B07}.Debug|x86.Build.0 = Debug|Win32
		{50FD10BF-BA59-4D80-8D56-C192D48F7B07}.Release|x64.ActiveCfg = Release|x64
		{50FD10BF-BA59-4D80-8D56-C192D48F7B07}.Release|x64.Build.0 = Release|x64
		{50FD10BF-BA59-4D80-8D56-C192D48F7B07}.Release|x86.ActiveCfg = Release|Win32
		{50FD10BF-BA59-4D80-8D56-C192D48F7B07}.Release|x86.Build.0 = Release|Win32
		{EDE2ED09-D284-4054-94C9-900797BC518A}.Debug|x64.ActiveCfg = Debug|x64
		{EDE2ED09-D284-4054-94C9-900797BC518A}.Debug|x64.Build.0 = Debug|x64
		{EDE2ED09-D284-4054-94C9-900797BC518A}.Debug|x86.ActiveCfg = Debug|Win32
		{EDE2ED09-D284-4054-94C9-900797BC518A}.Debug|x86.Build.0 = Debug|Win32
		{EDE2ED09-D284-4054-94C9-900797BC518A}.Release|x64.ActiveCfg = Release|x64
		{EDE2ED09-D284-4054-94C9-900797BC518A}.Release|x64.Build.0 = Release|x64
		{EDE2ED09-D284-4054-94C9-900797BC518A}.Release|x86.ActiveCfg = Release|Win32
		{EDE2ED09-D284-4054-94C9-900797BC518A}.Release|x86.Build.0 = Release|Win32
		{27F4D460-51D6-4EDF-90EE-97E5F3B1F34D}.Debug|x64.ActiveCfg = Debug|x64
		{27F4D460-51D6-4EDF-90EE-97E5F3B1F34D}.Debug|x64.Build.0 = Debug|x64
		{27F4D460-51D6-4EDF-90EE-97E5F3B1F34D}.Debug|x86.ActiveCfg = Debug|Win32
		{27F4D460-51D6-4EDF-90EE-97E5F3B1F34D}.Debug|x86.Build.0 = Debug|Win32
		{27F4D460-51D6-4EDF-90EE-97E5F3B1F34D}.Release|x64.ActiveCfg = Release|x64
		{27F4D460-51D6-4EDF-90EE-97E5F3B1F34D}.Release|x64.Build.0 = Release|x64
		{27F4D460-51D6-4EDF-90EE-97E5F3B1F34D}.Release|x86.ActiveCfg = Release|Win32
		{27F4D460-51D6-4EDF-90EE-97E5F3B1F34D}.Release|x86.Build.0 = Release|Win32
		{23A8BAD0-1F2A-46ED-9C2B-FFE6881F7C8D}.Debug|x64.ActiveCfg = Debug|x64
		{23A8BAD0-1F2A-46ED-9C2B-FFE6881F7C8D}.Debug|x64.Build.0 = Debug|x64
		{23A8BAD0-1F2A-46ED-9C2B-FFE6881F7C8D}.Debug|x86.ActiveCfg = Debug|Win32
		{23A8BAD0-1F2A-46ED-9C2B-FFE6881F7C8D}.Debug|x86.Build.0 = Debug|Win32
		{23A8BAD0-1F2A-46ED-9C2B-FFE6881F7C8D}.Release|x64.ActiveCfg = Release|x64
		{23A8BAD0-1F2A-46ED-9C2B-FFE6881F7C8D}.Release|x64.Build.0 = Release|x64
		{23A8BAD0-1F2A-46ED-9C2B-FFE6881F7C8D}.Release|x86.ActiveCfg = Release|Win32
		{23A8BAD0-1F2A-46ED-9C2B-FFE6881F7C8D}.Release|x86.Build.0 = Release|Win32
		{75D97C37-208D-42CD-96E2-AF546EB20251}.Debug|x64.ActiveCfg = Debug|x64
		{75D97C37-208D-42CD-96E2-AF546EB20251}.Debug|x64.Build.0 = Debug|x64
		{75D97C37-208D-42CD-96E2-AF546EB20251}.Debug|x86.ActiveCfg = Debug|Win32
		{75D97C37-208D-42CD-96E2-AF546EB20251}.Debug|x86.Build.0 = Debug|Win32
		{75D97C37-208D-42CD-96E2-AF546EB20251}.Release|x64.ActiveCfg = Release|x64
		{75D97C37-208D-42CD-96E2-AF546EB20251}.Release|x64.Build.0 = Release|x64
		{75D97C37-208D-42CD-96E2-AF546EB20251}.Release|x86.ActiveCfg = Release|Win32
		{75D97C37-208D-42CD-96E2-AF546EB20251}.Release|x86.Build.0 = Release|Win32
		{300E9EDC-1452-4306-8D8F-3F59CF64EE6D}.Debug|x64.ActiveCfg = Debug|x64
		{300E9EDC-1452-4306-8D8F-3F59CF64EE6D}.Debug|x64.Build.0 = Debug|x64
		{300E9EDC-1452-4306-8D8F-3F59CF64EE6D}.Debug|x86.ActiveCfg = Debug|Win32
		{300E9EDC-1452-4306-8D8F-3F59CF64EE6D}.Debug|x86.Build.0 = Debug|Win32
		{300E9EDC-1452-4306-8D8F-3F59CF64EE6D}.Release|x64.ActiveCfg = Release|x64
		{300E9EDC-1452-4306-8D8F-3F59CF64EE6D}.Release|x64.Build.0 = Release|x64
		{300E9EDC-1452-4306-8D8F-3F59CF64EE6D}.Release|x86.ActiveCfg = Release|Win32
		{300E9EDC-1452-4306-8D8F-3F59CF64EE6D}.Release|x86.Build.0 = Release|Win32
		{4E1E90DF-4263-4F63-8515-7DB6698F6F98}.Debug|x64.ActiveCfg = Debug|x64
		{4E1E90DF-4263-4F63-8515-7DB6698F6F98}.Debug|x64.Build.0 = Debug|x64
		{4E1E90DF-4263-4F63-8515-7DB6698F6F98}.Debug|x86.ActiveCfg = Debug|Win32
		{4E1E90DF-4263-4F63-8515-7DB6698F6F98}.Debug|x86.Build.0 = Debug|Win32
		{4E1E90DF-4263-4F63-8515-7DB6698F6F98}.Release|x64.ActiveCfg = Release|x64
		{4E1E90DF-4263-4F63-8515-7DB6698F6F98}.Release|x64.Build.0 = Release|x64
		{4E1E90DF-4263-4F63-8515-7DB6698F6F98}.Release|x86.ActiveCfg = Release|Win32
		{4E1E90DF-4263-4F63-8515-7DB6698F6F98}.Release|x86.Build.0 = Release|Win32
		{DE5A763C-E125-47B6-82F0-F932B30D3F84}.Debug|x64.ActiveCfg = Debug|x64
		{DE5A763C-E125-47B6-82F0-F932B30D3F84}.Debug|x64.Build.0 = Debug|x64
		{DE5A763C-E125-47B6-82F0-F932B30D3F84}.Debug|x86.ActiveCfg = Debug|Win32
		{DE5A763C-E125-47B6-82F0-F932B30D3F84}.Debug|x86.Build.0 = Debug|Win32
		{DE5A763C-E125-47B6-82F0-F932B30D3F84}.Release|x64.ActiveCfg = Release|x64
		{DE5A763C-E125-47B6-82F0-F932B30D3F84}.Release|x64.Build.0 = Release|x64
		{DE5A763C-E125-47B6-82F0-F932B30D3F84}.Release|x86.ActiveCfg = Release|Win32
		{DE5A763C-E125-47B6-82F0-F932B30D3F84}.Release|x86.Build.0 = Release|Win32
		{E237A6FF-C1B7-4D99-AA4B-69A8E994F2C8}.Debug|x64.ActiveCfg = Debug|x64
		{E237A6FF-C1B7-4D99-AA4B-69A8E994F2C8}.Debug|x64.Build.0 = Debug|x64
		{E237A6FF-C1B7-4D99-AA4B-69A8E994F2C8}.Debug|x86.ActiveCfg = Debug|Win32
		{E237A6FF-C1B7-4D99-AA4B-69A8E994F2C8}.Debug|x86.Build.0 = Debug|Win32
		{E237A6FF-C1B7-4D99-AA4B-69A8E994F2C8}.Release|x64.ActiveCfg = Release|x64
		{E237A6FF-C1B7-4D99-AA4B-69A8E994F2C8}.Release|x64.Build.0 = Release|x64
		{E237A6FF-C1B7-4D99-AA4B-69A8E994F2C8}.Release|x86.ActiveCfg = Release|Win32
		{E237A6FF-C1B7-4D99-AA4B-69A8E994F2C8}.Release|x86.Build.0 = Release|Win32
		{1BE50AC3-AE16-49FF-829A-DFE9BA9AECBD}.Debug|x64.ActiveCfg = Debug|x64
		{1BE50AC3-AE16-49FF-829A-DFE9BA9AECBD}.Debug|x64.Build.0 = Debug|x64
		{1BE50AC3-AE16-49FF-829A-DFE9BA9AECBD}.Debug|x86.ActiveCfg = Debug|Win32
		{1BE50AC3-AE16-49FF-829A-DFE9BA9AECBD}.Debug|x86.Build.0 = Debug|Win32
		{1BE50AC3-AE16-49FF-829A-DFE9BA9AECBD}.Release|x64.ActiveCfg = Release|x64
		{1BE50AC3-AE16-49FF-829A-DFE9BA9AECBD}.Release|x64.Build.0 = Release|x64
		{1BE50AC3-AE16-49FF-829A-DFE9BA9AECBD}.Release|x86.ActiveCfg = Release|Win32
		{1BE50AC3-AE16-49FF-829A-DFE9BA9AECBD}.Release|x86.Build.0 = Release|Win32
		{086F00DD-A804-4F1F-9C15-9C67BC8A7256}.Debug|x64.ActiveCfg = Debug|x64
		{086F00DD-A804-4F1F-9C15-9C67BC8A7256}.Debug|x64.Build.0 = Debug|x64
		{086F00DD-A804-4F1F-9C15-9C67BC8A7256}.Debug|x86.ActiveCfg = Debug|Win32
		{086F00DD-A804-4F1F-9C15-9C67BC8A7256}.Debug|x86.Build.0 = Debug|Win32
		{086F00DD-A804-4F1F-9C15-9C67BC8A7256}.Release|x64.ActiveCfg = Release|x64
		{086F00DD-A804-4F1F-9C15-9C67BC8A7256}.Release|x64.Build.0 = Release|x64
		{086F00DD-A804-4F1F-9C15-9C67BC8A7256}.Release|x86.ActiveCfg = Release|Win32
		{086F00DD-A804-4F1F-9C15-9C67BC8A7256}.Release|x86.Build.0 = Release|Win32
	EndGlobalSection
	GlobalSection(SolutionProperties) = preSolution
		HideSolutionNode = FALSE
	EndGlobalSection
	GlobalSection(ExtensibilityGlobals) = postSolution
		SolutionGuid = {50535667-C39C-40AA-B904-C59A2072576D}
	EndGlobalSection
EndGlobal
